// !$*UTF8*$!
{
	archiveVersion = 1;
	classes = {
	};
	objectVersion = 46;
	objects = {

/* Begin PBXBuildFile section */
		558882B71F72093E00409BD2 /* main.m in Sources */ = {isa = PBXBuildFile; fileRef = 558882B61F72093E00409BD2 /* main.m */; };
		558882BA1F72093E00409BD2 /* AppDelegate.m in Sources */ = {isa = PBXBuildFile; fileRef = 558882B91F72093E00409BD2 /* AppDelegate.m */; };
		558882BD1F72093E00409BD2 /* ViewController.m in Sources */ = {isa = PBXBuildFile; fileRef = 558882BC1F72093E00409BD2 /* ViewController.m */; };
		558882C01F72093E00409BD2 /* Main.storyboard in Resources */ = {isa = PBXBuildFile; fileRef = 558882BE1F72093E00409BD2 /* Main.storyboard */; };
		558882C21F72093E00409BD2 /* Assets.xcassets in Resources */ = {isa = PBXBuildFile; fileRef = 558882C11F72093E00409BD2 /* Assets.xcassets */; };
		558882C51F72093E00409BD2 /* LaunchScreen.storyboard in Resources */ = {isa = PBXBuildFile; fileRef = 558882C31F72093E00409BD2 /* LaunchScreen.storyboard */; };
		558882EE1F72F41E00409BD2 /* FrequencyViewController.m in Sources */ = {isa = PBXBuildFile; fileRef = 558882ED1F72F41E00409BD2 /* FrequencyViewController.m */; };
		A3F5C64D1F7216A600863815 /* AudioFileReader.m in Sources */ = {isa = PBXBuildFile; fileRef = A3F5C63B1F7216A500863815 /* AudioFileReader.m */; };
		A3F5C64E1F7216A600863815 /* BufferedOverlapQueue.m in Sources */ = {isa = PBXBuildFile; fileRef = A3F5C63D1F7216A500863815 /* BufferedOverlapQueue.m */; };
		A3F5C64F1F7216A600863815 /* CircularBuffer.m in Sources */ = {isa = PBXBuildFile; fileRef = A3F5C63F1F7216A500863815 /* CircularBuffer.m */; };
		A3F5C6501F7216A600863815 /* CubicSpline.m in Sources */ = {isa = PBXBuildFile; fileRef = A3F5C6411F7216A500863815 /* CubicSpline.m */; };
		A3F5C6511F7216A600863815 /* DataBufferBlock.m in Sources */ = {isa = PBXBuildFile; fileRef = A3F5C6431F7216A600863815 /* DataBufferBlock.m */; };
		A3F5C6521F7216A600863815 /* FFTHelper.m in Sources */ = {isa = PBXBuildFile; fileRef = A3F5C6451F7216A600863815 /* FFTHelper.m */; };
		A3F5C6531F7216A600863815 /* Novocaine.m in Sources */ = {isa = PBXBuildFile; fileRef = A3F5C6471F7216A600863815 /* Novocaine.m */; };
		A3F5C6541F7216A600863815 /* PeakFinder.m in Sources */ = {isa = PBXBuildFile; fileRef = A3F5C6491F7216A600863815 /* PeakFinder.m */; };
/* End PBXBuildFile section */

/* Begin PBXFileReference section */
		558882B21F72093E00409BD2 /* Lab2.app */ = {isa = PBXFileReference; explicitFileType = wrapper.application; includeInIndex = 0; path = Lab2.app; sourceTree = BUILT_PRODUCTS_DIR; };
		558882B61F72093E00409BD2 /* main.m */ = {isa = PBXFileReference; lastKnownFileType = sourcecode.c.objc; path = main.m; sourceTree = "<group>"; };
		558882B81F72093E00409BD2 /* AppDelegate.h */ = {isa = PBXFileReference; lastKnownFileType = sourcecode.c.h; path = AppDelegate.h; sourceTree = "<group>"; };
		558882B91F72093E00409BD2 /* AppDelegate.m */ = {isa = PBXFileReference; lastKnownFileType = sourcecode.c.objc; path = AppDelegate.m; sourceTree = "<group>"; };
		558882BB1F72093E00409BD2 /* ViewController.h */ = {isa = PBXFileReference; lastKnownFileType = sourcecode.c.h; path = ViewController.h; sourceTree = "<group>"; };
		558882BC1F72093E00409BD2 /* ViewController.m */ = {isa = PBXFileReference; lastKnownFileType = sourcecode.c.objc; path = ViewController.m; sourceTree = "<group>"; };
		558882BF1F72093E00409BD2 /* Base */ = {isa = PBXFileReference; lastKnownFileType = file.storyboard; name = Base; path = Base.lproj/Main.storyboard; sourceTree = "<group>"; };
		558882C11F72093E00409BD2 /* Assets.xcassets */ = {isa = PBXFileReference; lastKnownFileType = folder.assetcatalog; path = Assets.xcassets; sourceTree = "<group>"; };
		558882C41F72093E00409BD2 /* Base */ = {isa = PBXFileReference; lastKnownFileType = file.storyboard; name = Base; path = Base.lproj/LaunchScreen.storyboard; sourceTree = "<group>"; };
		558882C61F72093E00409BD2 /* Info.plist */ = {isa = PBXFileReference; lastKnownFileType = text.plist.xml; path = Info.plist; sourceTree = "<group>"; };
		558882EC1F72F41E00409BD2 /* FrequencyViewController.h */ = {isa = PBXFileReference; fileEncoding = 4; lastKnownFileType = sourcecode.c.h; path = FrequencyViewController.h; sourceTree = "<group>"; };
		558882ED1F72F41E00409BD2 /* FrequencyViewController.m */ = {isa = PBXFileReference; fileEncoding = 4; lastKnownFileType = sourcecode.c.objc; path = FrequencyViewController.m; sourceTree = "<group>"; };
		A3F5C63A1F7216A500863815 /* AudioFileReader.h */ = {isa = PBXFileReference; fileEncoding = 4; lastKnownFileType = sourcecode.c.h; path = AudioFileReader.h; sourceTree = "<group>"; };
		A3F5C63B1F7216A500863815 /* AudioFileReader.m */ = {isa = PBXFileReference; fileEncoding = 4; lastKnownFileType = sourcecode.c.objc; path = AudioFileReader.m; sourceTree = "<group>"; };
		A3F5C63C1F7216A500863815 /* BufferedOverlapQueue.h */ = {isa = PBXFileReference; fileEncoding = 4; lastKnownFileType = sourcecode.c.h; path = BufferedOverlapQueue.h; sourceTree = "<group>"; };
		A3F5C63D1F7216A500863815 /* BufferedOverlapQueue.m */ = {isa = PBXFileReference; fileEncoding = 4; lastKnownFileType = sourcecode.c.objc; path = BufferedOverlapQueue.m; sourceTree = "<group>"; };
		A3F5C63E1F7216A500863815 /* CircularBuffer.h */ = {isa = PBXFileReference; fileEncoding = 4; lastKnownFileType = sourcecode.c.h; path = CircularBuffer.h; sourceTree = "<group>"; };
		A3F5C63F1F7216A500863815 /* CircularBuffer.m */ = {isa = PBXFileReference; fileEncoding = 4; lastKnownFileType = sourcecode.c.objc; path = CircularBuffer.m; sourceTree = "<group>"; };
		A3F5C6401F7216A500863815 /* CubicSpline.h */ = {isa = PBXFileReference; fileEncoding = 4; lastKnownFileType = sourcecode.c.h; path = CubicSpline.h; sourceTree = "<group>"; };
		A3F5C6411F7216A500863815 /* CubicSpline.m */ = {isa = PBXFileReference; fileEncoding = 4; lastKnownFileType = sourcecode.c.objc; path = CubicSpline.m; sourceTree = "<group>"; };
		A3F5C6421F7216A600863815 /* DataBufferBlock.h */ = {isa = PBXFileReference; fileEncoding = 4; lastKnownFileType = sourcecode.c.h; path = DataBufferBlock.h; sourceTree = "<group>"; };
		A3F5C6431F7216A600863815 /* DataBufferBlock.m */ = {isa = PBXFileReference; fileEncoding = 4; lastKnownFileType = sourcecode.c.objc; path = DataBufferBlock.m; sourceTree = "<group>"; };
		A3F5C6441F7216A600863815 /* FFTHelper.h */ = {isa = PBXFileReference; fileEncoding = 4; lastKnownFileType = sourcecode.c.h; path = FFTHelper.h; sourceTree = "<group>"; };
		A3F5C6451F7216A600863815 /* FFTHelper.m */ = {isa = PBXFileReference; fileEncoding = 4; lastKnownFileType = sourcecode.c.objc; path = FFTHelper.m; sourceTree = "<group>"; };
		A3F5C6461F7216A600863815 /* Novocaine.h */ = {isa = PBXFileReference; fileEncoding = 4; lastKnownFileType = sourcecode.c.h; path = Novocaine.h; sourceTree = "<group>"; };
		A3F5C6471F7216A600863815 /* Novocaine.m */ = {isa = PBXFileReference; fileEncoding = 4; lastKnownFileType = sourcecode.c.objc; path = Novocaine.m; sourceTree = "<group>"; };
		A3F5C6481F7216A600863815 /* PeakFinder.h */ = {isa = PBXFileReference; fileEncoding = 4; lastKnownFileType = sourcecode.c.h; path = PeakFinder.h; sourceTree = "<group>"; };
		A3F5C6491F7216A600863815 /* PeakFinder.m */ = {isa = PBXFileReference; fileEncoding = 4; lastKnownFileType = sourcecode.c.objc; path = PeakFinder.m; sourceTree = "<group>"; };
/* End PBXFileReference section */

/* Begin PBXFrameworksBuildPhase section */
		558882AF1F72093E00409BD2 /* Frameworks */ = {
			isa = PBXFrameworksBuildPhase;
			buildActionMask = 2147483647;
			files = (
			);
			runOnlyForDeploymentPostprocessing = 0;
		};
/* End PBXFrameworksBuildPhase section */

/* Begin PBXGroup section */
		558882A91F72093E00409BD2 = {
			isa = PBXGroup;
			children = (
				558882B41F72093E00409BD2 /* Lab2 */,
				558882B31F72093E00409BD2 /* Products */,
			);
			sourceTree = "<group>";
		};
		558882B31F72093E00409BD2 /* Products */ = {
			isa = PBXGroup;
			children = (
				558882B21F72093E00409BD2 /* Lab2.app */,
			);
			name = Products;
			sourceTree = "<group>";
		};
		558882B41F72093E00409BD2 /* Lab2 */ = {
			isa = PBXGroup;
			children = (
				A3F5C6371F72166B00863815 /* DSPUtils */,
				558882B81F72093E00409BD2 /* AppDelegate.h */,
				558882B91F72093E00409BD2 /* AppDelegate.m */,
				558882BB1F72093E00409BD2 /* ViewController.h */,
				558882BC1F72093E00409BD2 /* ViewController.m */,
				558882BE1F72093E00409BD2 /* Main.storyboard */,
				558882EC1F72F41E00409BD2 /* FrequencyViewController.h */,
				558882ED1F72F41E00409BD2 /* FrequencyViewController.m */,
				558882C11F72093E00409BD2 /* Assets.xcassets */,
				558882C31F72093E00409BD2 /* LaunchScreen.storyboard */,
				558882C61F72093E00409BD2 /* Info.plist */,
				558882B51F72093E00409BD2 /* Supporting Files */,
			);
			path = Lab2;
			sourceTree = "<group>";
		};
		558882B51F72093E00409BD2 /* Supporting Files */ = {
			isa = PBXGroup;
			children = (
				558882B61F72093E00409BD2 /* main.m */,
			);
			name = "Supporting Files";
			sourceTree = "<group>";
		};
		A3F5C6371F72166B00863815 /* DSPUtils */ = {
			isa = PBXGroup;
			children = (
				A3F5C63A1F7216A500863815 /* AudioFileReader.h */,
				A3F5C63B1F7216A500863815 /* AudioFileReader.m */,
				A3F5C63C1F7216A500863815 /* BufferedOverlapQueue.h */,
				A3F5C63D1F7216A500863815 /* BufferedOverlapQueue.m */,
				A3F5C63E1F7216A500863815 /* CircularBuffer.h */,
				A3F5C63F1F7216A500863815 /* CircularBuffer.m */,
				A3F5C6401F7216A500863815 /* CubicSpline.h */,
				A3F5C6411F7216A500863815 /* CubicSpline.m */,
				A3F5C6421F7216A600863815 /* DataBufferBlock.h */,
				A3F5C6431F7216A600863815 /* DataBufferBlock.m */,
				A3F5C6441F7216A600863815 /* FFTHelper.h */,
				A3F5C6451F7216A600863815 /* FFTHelper.m */,
				A3F5C6461F7216A600863815 /* Novocaine.h */,
				A3F5C6471F7216A600863815 /* Novocaine.m */,
				A3F5C6481F7216A600863815 /* PeakFinder.h */,
				A3F5C6491F7216A600863815 /* PeakFinder.m */,
			);
			name = DSPUtils;
			sourceTree = "<group>";
		};
/* End PBXGroup section */

/* Begin PBXNativeTarget section */
		558882B11F72093E00409BD2 /* Lab2 */ = {
			isa = PBXNativeTarget;
			buildConfigurationList = 558882C91F72093E00409BD2 /* Build configuration list for PBXNativeTarget "Lab2" */;
			buildPhases = (
				558882AE1F72093E00409BD2 /* Sources */,
				558882AF1F72093E00409BD2 /* Frameworks */,
				558882B01F72093E00409BD2 /* Resources */,
			);
			buildRules = (
			);
			dependencies = (
			);
			name = Lab2;
			productName = Lab2;
			productReference = 558882B21F72093E00409BD2 /* Lab2.app */;
			productType = "com.apple.product-type.application";
		};
/* End PBXNativeTarget section */

/* Begin PBXProject section */
		558882AA1F72093E00409BD2 /* Project object */ = {
			isa = PBXProject;
			attributes = {
				LastUpgradeCheck = 0830;
				ORGANIZATIONNAME = SMU.cse5323;
				TargetAttributes = {
					558882B11F72093E00409BD2 = {
						CreatedOnToolsVersion = 8.3.3;
						DevelopmentTeam = N2FF4799SW;
						ProvisioningStyle = Automatic;
					};
				};
			};
			buildConfigurationList = 558882AD1F72093E00409BD2 /* Build configuration list for PBXProject "Lab2" */;
			compatibilityVersion = "Xcode 3.2";
			developmentRegion = English;
			hasScannedForEncodings = 0;
			knownRegions = (
				en,
				Base,
			);
			mainGroup = 558882A91F72093E00409BD2;
			productRefGroup = 558882B31F72093E00409BD2 /* Products */;
			projectDirPath = "";
			projectRoot = "";
			targets = (
				558882B11F72093E00409BD2 /* Lab2 */,
			);
		};
/* End PBXProject section */

/* Begin PBXResourcesBuildPhase section */
		558882B01F72093E00409BD2 /* Resources */ = {
			isa = PBXResourcesBuildPhase;
			buildActionMask = 2147483647;
			files = (
				558882C51F72093E00409BD2 /* LaunchScreen.storyboard in Resources */,
				558882C21F72093E00409BD2 /* Assets.xcassets in Resources */,
				558882C01F72093E00409BD2 /* Main.storyboard in Resources */,
			);
			runOnlyForDeploymentPostprocessing = 0;
		};
/* End PBXResourcesBuildPhase section */

/* Begin PBXSourcesBuildPhase section */
		558882AE1F72093E00409BD2 /* Sources */ = {
			isa = PBXSourcesBuildPhase;
			buildActionMask = 2147483647;
			files = (
				A3F5C64F1F7216A600863815 /* CircularBuffer.m in Sources */,
				A3F5C64E1F7216A600863815 /* BufferedOverlapQueue.m in Sources */,
				558882BD1F72093E00409BD2 /* ViewController.m in Sources */,
				A3F5C6511F7216A600863815 /* DataBufferBlock.m in Sources */,
				A3F5C6541F7216A600863815 /* PeakFinder.m in Sources */,
				558882EE1F72F41E00409BD2 /* FrequencyViewController.m in Sources */,
				A3F5C6531F7216A600863815 /* Novocaine.m in Sources */,
				A3F5C64D1F7216A600863815 /* AudioFileReader.m in Sources */,
				A3F5C6521F7216A600863815 /* FFTHelper.m in Sources */,
				558882BA1F72093E00409BD2 /* AppDelegate.m in Sources */,
				558882B71F72093E00409BD2 /* main.m in Sources */,
				A3F5C6501F7216A600863815 /* CubicSpline.m in Sources */,
			);
			runOnlyForDeploymentPostprocessing = 0;
		};
/* End PBXSourcesBuildPhase section */

/* Begin PBXVariantGroup section */
		558882BE1F72093E00409BD2 /* Main.storyboard */ = {
			isa = PBXVariantGroup;
			children = (
				558882BF1F72093E00409BD2 /* Base */,
			);
			name = Main.storyboard;
			sourceTree = "<group>";
		};
		558882C31F72093E00409BD2 /* LaunchScreen.storyboard */ = {
			isa = PBXVariantGroup;
			children = (
				558882C41F72093E00409BD2 /* Base */,
			);
			name = LaunchScreen.storyboard;
			sourceTree = "<group>";
		};
/* End PBXVariantGroup section */

/* Begin XCBuildConfiguration section */
		558882C71F72093E00409BD2 /* Debug */ = {
			isa = XCBuildConfiguration;
			buildSettings = {
				ALWAYS_SEARCH_USER_PATHS = NO;
				CLANG_ANALYZER_NONNULL = YES;
				CLANG_ANALYZER_NUMBER_OBJECT_CONVERSION = YES_AGGRESSIVE;
				CLANG_CXX_LANGUAGE_STANDARD = "gnu++0x";
				CLANG_CXX_LIBRARY = "libc++";
				CLANG_ENABLE_MODULES = YES;
				CLANG_ENABLE_OBJC_ARC = YES;
				CLANG_WARN_BOOL_CONVERSION = YES;
				CLANG_WARN_CONSTANT_CONVERSION = YES;
				CLANG_WARN_DIRECT_OBJC_ISA_USAGE = YES_ERROR;
				CLANG_WARN_DOCUMENTATION_COMMENTS = YES;
				CLANG_WARN_EMPTY_BODY = YES;
				CLANG_WARN_ENUM_CONVERSION = YES;
				CLANG_WARN_INFINITE_RECURSION = YES;
				CLANG_WARN_INT_CONVERSION = YES;
				CLANG_WARN_OBJC_ROOT_CLASS = YES_ERROR;
				CLANG_WARN_SUSPICIOUS_MOVE = YES;
				CLANG_WARN_UNREACHABLE_CODE = YES;
				CLANG_WARN__DUPLICATE_METHOD_MATCH = YES;
				"CODE_SIGN_IDENTITY[sdk=iphoneos*]" = "iPhone Developer";
				COPY_PHASE_STRIP = NO;
				DEBUG_INFORMATION_FORMAT = dwarf;
				ENABLE_STRICT_OBJC_MSGSEND = YES;
				ENABLE_TESTABILITY = YES;
				GCC_C_LANGUAGE_STANDARD = gnu99;
				GCC_DYNAMIC_NO_PIC = NO;
				GCC_NO_COMMON_BLOCKS = YES;
				GCC_OPTIMIZATION_LEVEL = 0;
				GCC_PREPROCESSOR_DEFINITIONS = (
					"DEBUG=1",
					"$(inherited)",
				);
				GCC_WARN_64_TO_32_BIT_CONVERSION = YES;
				GCC_WARN_ABOUT_RETURN_TYPE = YES_ERROR;
				GCC_WARN_UNDECLARED_SELECTOR = YES;
				GCC_WARN_UNINITIALIZED_AUTOS = YES_AGGRESSIVE;
				GCC_WARN_UNUSED_FUNCTION = YES;
				GCC_WARN_UNUSED_VARIABLE = YES;
				IPHONEOS_DEPLOYMENT_TARGET = 10.3;
				MTL_ENABLE_DEBUG_INFO = YES;
				ONLY_ACTIVE_ARCH = YES;
				SDKROOT = iphoneos;
				TARGETED_DEVICE_FAMILY = "1,2";
			};
			name = Debug;
		};
		558882C81F72093E00409BD2 /* Release */ = {
			isa = XCBuildConfiguration;
			buildSettings = {
				ALWAYS_SEARCH_USER_PATHS = NO;
				CLANG_ANALYZER_NONNULL = YES;
				CLANG_ANALYZER_NUMBER_OBJECT_CONVERSION = YES_AGGRESSIVE;
				CLANG_CXX_LANGUAGE_STANDARD = "gnu++0x";
				CLANG_CXX_LIBRARY = "libc++";
				CLANG_ENABLE_MODULES = YES;
				CLANG_ENABLE_OBJC_ARC = YES;
				CLANG_WARN_BOOL_CONVERSION = YES;
				CLANG_WARN_CONSTANT_CONVERSION = YES;
				CLANG_WARN_DIRECT_OBJC_ISA_USAGE = YES_ERROR;
				CLANG_WARN_DOCUMENTATION_COMMENTS = YES;
				CLANG_WARN_EMPTY_BODY = YES;
				CLANG_WARN_ENUM_CONVERSION = YES;
				CLANG_WARN_INFINITE_RECURSION = YES;
				CLANG_WARN_INT_CONVERSION = YES;
				CLANG_WARN_OBJC_ROOT_CLASS = YES_ERROR;
				CLANG_WARN_SUSPICIOUS_MOVE = YES;
				CLANG_WARN_UNREACHABLE_CODE = YES;
				CLANG_WARN__DUPLICATE_METHOD_MATCH = YES;
				"CODE_SIGN_IDENTITY[sdk=iphoneos*]" = "iPhone Developer";
				COPY_PHASE_STRIP = NO;
				DEBUG_INFORMATION_FORMAT = "dwarf-with-dsym";
				ENABLE_NS_ASSERTIONS = NO;
				ENABLE_STRICT_OBJC_MSGSEND = YES;
				GCC_C_LANGUAGE_STANDARD = gnu99;
				GCC_NO_COMMON_BLOCKS = YES;
				GCC_WARN_64_TO_32_BIT_CONVERSION = YES;
				GCC_WARN_ABOUT_RETURN_TYPE = YES_ERROR;
				GCC_WARN_UNDECLARED_SELECTOR = YES;
				GCC_WARN_UNINITIALIZED_AUTOS = YES_AGGRESSIVE;
				GCC_WARN_UNUSED_FUNCTION = YES;
				GCC_WARN_UNUSED_VARIABLE = YES;
				IPHONEOS_DEPLOYMENT_TARGET = 10.3;
				MTL_ENABLE_DEBUG_INFO = NO;
				SDKROOT = iphoneos;
				TARGETED_DEVICE_FAMILY = "1,2";
				VALIDATE_PRODUCT = YES;
			};
			name = Release;
		};
		558882CA1F72093E00409BD2 /* Debug */ = {
			isa = XCBuildConfiguration;
			buildSettings = {
				ASSETCATALOG_COMPILER_APPICON_NAME = AppIcon;
				DEVELOPMENT_TEAM = N2FF4799SW;
				INFOPLIST_FILE = Lab2/Info.plist;
				LD_RUNPATH_SEARCH_PATHS = "$(inherited) @executable_path/Frameworks";
				PRODUCT_BUNDLE_IDENTIFIER = SMU.cse5323.Lab2;
				PRODUCT_NAME = "$(TARGET_NAME)";
				TARGETED_DEVICE_FAMILY = 1;
			};
			name = Debug;
		};
		558882CB1F72093E00409BD2 /* Release */ = {
			isa = XCBuildConfiguration;
			buildSettings = {
				ASSETCATALOG_COMPILER_APPICON_NAME = AppIcon;
				DEVELOPMENT_TEAM = N2FF4799SW;
				INFOPLIST_FILE = Lab2/Info.plist;
				LD_RUNPATH_SEARCH_PATHS = "$(inherited) @executable_path/Frameworks";
				PRODUCT_BUNDLE_IDENTIFIER = SMU.cse5323.Lab2;
				PRODUCT_NAME = "$(TARGET_NAME)";
				TARGETED_DEVICE_FAMILY = 1;
			};
			name = Release;
		};
/* End XCBuildConfiguration section */

/* Begin XCConfigurationList section */
		558882AD1F72093E00409BD2 /* Build configuration list for PBXProject "Lab2" */ = {
			isa = XCConfigurationList;
			buildConfigurations = (
				558882C71F72093E00409BD2 /* Debug */,
				558882C81F72093E00409BD2 /* Release */,
			);
			defaultConfigurationIsVisible = 0;
			defaultConfigurationName = Release;
		};
		558882C91F72093E00409BD2 /* Build configuration list for PBXNativeTarget "Lab2" */ = {
			isa = XCConfigurationList;
			buildConfigurations = (
				558882CA1F72093E00409BD2 /* Debug */,
				558882CB1F72093E00409BD2 /* Release */,
			);
			defaultConfigurationIsVisible = 0;
			defaultConfigurationName = Release;
		};
/* End XCConfigurationList section */
	};
	rootObject = 558882AA1F72093E00409BD2 /* Project object */;
}
